
Microsoft Visual Studio Solution File, Format Version 12.00
# Visual Studio Version 17
VisualStudioVersion = 17.4.33103.184
MinimumVisualStudioVersion = 10.0.40219.1
Project("{9A19103F-16F7-4668-BE54-9A1E7A4F7556}") = "EMS.PersonalInformation.gRPC", "EMS.PersonalInformation.gRPC\EMS.PersonalInformation.gRPC.csproj", "{22DF8733-BA28-404B-AC02-EB69DFC01244}"
EndProject
Project("{9A19103F-16F7-4668-BE54-9A1E7A4F7556}") = "EMS.PersonalInformation.Domain", "EMS.PersonalInformation.Domain\EMS.PersonalInformation.Domain.csproj", "{B13ACD12-A161-4C2A-BA58-61F81A562838}"
EndProject
Project("{9A19103F-16F7-4668-BE54-9A1E7A4F7556}") = "EMS.PersonalInformation.BLL", "EMS.PersonalInformation.BLL\EMS.PersonalInformation.BLL.csproj", "{57CB15B2-D520-4037-B055-6AA92ED27B14}"
EndProject
Project("{9A19103F-16F7-4668-BE54-9A1E7A4F7556}") = "EMS.PersonalInformation.DAL", "EMS.PersonalInformation.DAL\EMS.PersonalInformation.DAL.csproj", "{F56DC89B-7632-4AC2-B163-F72A3D9002E5}"
EndProject
Project("{2150E333-8FDC-42A3-9474-1A3956D46DE8}") = "PersonalInformationService", "PersonalInformationService", "{6C51E42A-4EEB-4D2C-B646-58E5B7C7773C}"
EndProject
Project("{2150E333-8FDC-42A3-9474-1A3956D46DE8}") = "EMS", "EMS", "{76D0E5CB-4AA6-413F-B802-D28B98617D45}"
EndProject
Project("{9A19103F-16F7-4668-BE54-9A1E7A4F7556}") = "EmployeeManagementSystem.Web", "EmployeeManagmentSystem.Web\EmployeeManagementSystem.Web.csproj", "{D74F2193-F745-4BD8-B735-0ED03399702D}"
EndProject
Project("{9A19103F-16F7-4668-BE54-9A1E7A4F7556}") = "EmployeeManagement.DAL", "EmployeeManagement.DAL\EmployeeManagement.DAL.csproj", "{DC038068-BD7D-4366-B2B2-84BE6AECE586}"
EndProject
Project("{9A19103F-16F7-4668-BE54-9A1E7A4F7556}") = "EmployeeManagementSystem.BLL", "EmployeeManagementSystem.BLL\EmployeeManagementSystem.BLL.csproj", "{4C8812C2-6D4E-42C6-AE85-9530DF8D1F89}"
EndProject
Project("{9A19103F-16F7-4668-BE54-9A1E7A4F7556}") = "EmployeeManagementService.Domain", "EmployeeManagementService.Domain\EmployeeManagementService.Domain.csproj", "{6C204BCA-E777-4045-B8B6-0B8C3A08D865}"
EndProject
Project("{2150E333-8FDC-42A3-9474-1A3956D46DE8}") = "JobInformationService", "JobInformationService", "{0179B83D-AE99-4003-BD94-BE71318B7016}"
EndProject
Project("{9A19103F-16F7-4668-BE54-9A1E7A4F7556}") = "EMS.JobInformation.gRPC", "EMS.JobInformation.gRPC\EMS.JobInformation.gRPC.csproj", "{64987A2B-7934-4FB4-8F6C-4CC0F5992DBD}"
EndProject
Project("{9A19103F-16F7-4668-BE54-9A1E7A4F7556}") = "EMS.JobInformation.DAL", "EMS.JobInformation.DAL\EMS.JobInformation.DAL.csproj", "{04BB581A-AABD-42C6-AE43-3E3378DD411A}"
EndProject
Project("{9A19103F-16F7-4668-BE54-9A1E7A4F7556}") = "EMS.JobInformation.BLL", "EMS.JobInformation.BLL\EMS.JobInformation.BLL.csproj", "{70F88F81-364B-421A-889E-5C6EC954D792}"
EndProject
Project("{9A19103F-16F7-4668-BE54-9A1E7A4F7556}") = "EMS.JobInformation.Domain", "EMS.JobInformation.Domain\EMS.JobInformation.Domain.csproj", "{9583ADF6-552C-44AA-BA2D-8AAE63698BDD}"
EndProject
Project("{FAE04EC0-301F-11D3-BF4B-00C04F79EFBC}") = "EMS.PersonalInformation.Utilities", "EMS.PersonalInformation.Utilities\EMS.PersonalInformation.Utilities.csproj", "{9C3AD2B7-CBED-42FE-AFD4-77D7E3CD36C3}"
EndProject
Project("{FAE04EC0-301F-11D3-BF4B-00C04F79EFBC}") = "EmployeeManagement.Utitlities", "EmployeeManagement.Utitlities\EmployeeManagement.Utitlities.csproj", "{D32F14A3-1996-4495-B19F-A55054382C7B}"
EndProject
Global
	GlobalSection(SolutionConfigurationPlatforms) = preSolution
		Debug|Any CPU = Debug|Any CPU
		Release|Any CPU = Release|Any CPU
	EndGlobalSection
	GlobalSection(ProjectConfigurationPlatforms) = postSolution
		{22DF8733-BA28-404B-AC02-EB69DFC01244}.Debug|Any CPU.ActiveCfg = Debug|Any CPU
		{22DF8733-BA28-404B-AC02-EB69DFC01244}.Debug|Any CPU.Build.0 = Debug|Any CPU
		{22DF8733-BA28-404B-AC02-EB69DFC01244}.Release|Any CPU.ActiveCfg = Release|Any CPU
		{22DF8733-BA28-404B-AC02-EB69DFC01244}.Release|Any CPU.Build.0 = Release|Any CPU
		{B13ACD12-A161-4C2A-BA58-61F81A562838}.Debug|Any CPU.ActiveCfg = Debug|Any CPU
		{B13ACD12-A161-4C2A-BA58-61F81A562838}.Debug|Any CPU.Build.0 = Debug|Any CPU
		{B13ACD12-A161-4C2A-BA58-61F81A562838}.Release|Any CPU.ActiveCfg = Release|Any CPU
		{B13ACD12-A161-4C2A-BA58-61F81A562838}.Release|Any CPU.Build.0 = Release|Any CPU
		{57CB15B2-D520-4037-B055-6AA92ED27B14}.Debug|Any CPU.ActiveCfg = Debug|Any CPU
		{57CB15B2-D520-4037-B055-6AA92ED27B14}.Debug|Any CPU.Build.0 = Debug|Any CPU
		{57CB15B2-D520-4037-B055-6AA92ED27B14}.Release|Any CPU.ActiveCfg = Release|Any CPU
		{57CB15B2-D520-4037-B055-6AA92ED27B14}.Release|Any CPU.Build.0 = Release|Any CPU
		{F56DC89B-7632-4AC2-B163-F72A3D9002E5}.Debug|Any CPU.ActiveCfg = Debug|Any CPU
		{F56DC89B-7632-4AC2-B163-F72A3D9002E5}.Debug|Any CPU.Build.0 = Debug|Any CPU
		{F56DC89B-7632-4AC2-B163-F72A3D9002E5}.Release|Any CPU.ActiveCfg = Release|Any CPU
		{F56DC89B-7632-4AC2-B163-F72A3D9002E5}.Release|Any CPU.Build.0 = Release|Any CPU
		{D74F2193-F745-4BD8-B735-0ED03399702D}.Debug|Any CPU.ActiveCfg = Debug|Any CPU
		{D74F2193-F745-4BD8-B735-0ED03399702D}.Debug|Any CPU.Build.0 = Debug|Any CPU
		{D74F2193-F745-4BD8-B735-0ED03399702D}.Release|Any CPU.ActiveCfg = Release|Any CPU
		{D74F2193-F745-4BD8-B735-0ED03399702D}.Release|Any CPU.Build.0 = Release|Any CPU
		{DC038068-BD7D-4366-B2B2-84BE6AECE586}.Debug|Any CPU.ActiveCfg = Debug|Any CPU
		{DC038068-BD7D-4366-B2B2-84BE6AECE586}.Debug|Any CPU.Build.0 = Debug|Any CPU
		{DC038068-BD7D-4366-B2B2-84BE6AECE586}.Release|Any CPU.ActiveCfg = Release|Any CPU
		{DC038068-BD7D-4366-B2B2-84BE6AECE586}.Release|Any CPU.Build.0 = Release|Any CPU
		{4C8812C2-6D4E-42C6-AE85-9530DF8D1F89}.Debug|Any CPU.ActiveCfg = Debug|Any CPU
		{4C8812C2-6D4E-42C6-AE85-9530DF8D1F89}.Debug|Any CPU.Build.0 = Debug|Any CPU
		{4C8812C2-6D4E-42C6-AE85-9530DF8D1F89}.Release|Any CPU.ActiveCfg = Release|Any CPU
		{4C8812C2-6D4E-42C6-AE85-9530DF8D1F89}.Release|Any CPU.Build.0 = Release|Any CPU
		{6C204BCA-E777-4045-B8B6-0B8C3A08D865}.Debug|Any CPU.ActiveCfg = Debug|Any CPU
		{6C204BCA-E777-4045-B8B6-0B8C3A08D865}.Debug|Any CPU.Build.0 = Debug|Any CPU
		{6C204BCA-E777-4045-B8B6-0B8C3A08D865}.Release|Any CPU.ActiveCfg = Release|Any CPU
		{6C204BCA-E777-4045-B8B6-0B8C3A08D865}.Release|Any CPU.Build.0 = Release|Any CPU
		{64987A2B-7934-4FB4-8F6C-4CC0F5992DBD}.Debug|Any CPU.ActiveCfg = Debug|Any CPU
		{64987A2B-7934-4FB4-8F6C-4CC0F5992DBD}.Debug|Any CPU.Build.0 = Debug|Any CPU
		{64987A2B-7934-4FB4-8F6C-4CC0F5992DBD}.Release|Any CPU.ActiveCfg = Release|Any CPU
		{64987A2B-7934-4FB4-8F6C-4CC0F5992DBD}.Release|Any CPU.Build.0 = Release|Any CPU
		{04BB581A-AABD-42C6-AE43-3E3378DD411A}.Debug|Any CPU.ActiveCfg = Debug|Any CPU
		{04BB581A-AABD-42C6-AE43-3E3378DD411A}.Debug|Any CPU.Build.0 = Debug|Any CPU
		{04BB581A-AABD-42C6-AE43-3E3378DD411A}.Release|Any CPU.ActiveCfg = Release|Any CPU
		{04BB581A-AABD-42C6-AE43-3E3378DD411A}.Release|Any CPU.Build.0 = Release|Any CPU
		{70F88F81-364B-421A-889E-5C6EC954D792}.Debug|Any CPU.ActiveCfg = Debug|Any CPU
		{70F88F81-364B-421A-889E-5C6EC954D792}.Debug|Any CPU.Build.0 = Debug|Any CPU
		{70F88F81-364B-421A-889E-5C6EC954D792}.Release|Any CPU.ActiveCfg = Release|Any CPU
		{70F88F81-364B-421A-889E-5C6EC954D792}.Release|Any CPU.Build.0 = Release|Any CPU
		{9583ADF6-552C-44AA-BA2D-8AAE63698BDD}.Debug|Any CPU.ActiveCfg = Debug|Any CPU
		{9583ADF6-552C-44AA-BA2D-8AAE63698BDD}.Debug|Any CPU.Build.0 = Debug|Any CPU
		{9583ADF6-552C-44AA-BA2D-8AAE63698BDD}.Release|Any CPU.ActiveCfg = Release|Any CPU
		{9583ADF6-552C-44AA-BA2D-8AAE63698BDD}.Release|Any CPU.Build.0 = Release|Any CPU
		{9C3AD2B7-CBED-42FE-AFD4-77D7E3CD36C3}.Debug|Any CPU.ActiveCfg = Debug|Any CPU
		{9C3AD2B7-CBED-42FE-AFD4-77D7E3CD36C3}.Debug|Any CPU.Build.0 = Debug|Any CPU
		{9C3AD2B7-CBED-42FE-AFD4-77D7E3CD36C3}.Release|Any CPU.ActiveCfg = Release|Any CPU
		{9C3AD2B7-CBED-42FE-AFD4-77D7E3CD36C3}.Release|Any CPU.Build.0 = Release|Any CPU
		{D32F14A3-1996-4495-B19F-A55054382C7B}.Debug|Any CPU.ActiveCfg = Debug|Any CPU
		{D32F14A3-1996-4495-B19F-A55054382C7B}.Debug|Any CPU.Build.0 = Debug|Any CPU
		{D32F14A3-1996-4495-B19F-A55054382C7B}.Release|Any CPU.ActiveCfg = Release|Any CPU
		{D32F14A3-1996-4495-B19F-A55054382C7B}.Release|Any CPU.Build.0 = Release|Any CPU
	EndGlobalSection
	GlobalSection(SolutionProperties) = preSolution
		HideSolutionNode = FALSE
	EndGlobalSection
	GlobalSection(NestedProjects) = preSolution
		{22DF8733-BA28-404B-AC02-EB69DFC01244} = {6C51E42A-4EEB-4D2C-B646-58E5B7C7773C}
		{B13ACD12-A161-4C2A-BA58-61F81A562838} = {6C51E42A-4EEB-4D2C-B646-58E5B7C7773C}
		{57CB15B2-D520-4037-B055-6AA92ED27B14} = {6C51E42A-4EEB-4D2C-B646-58E5B7C7773C}
		{F56DC89B-7632-4AC2-B163-F72A3D9002E5} = {6C51E42A-4EEB-4D2C-B646-58E5B7C7773C}
		{D74F2193-F745-4BD8-B735-0ED03399702D} = {76D0E5CB-4AA6-413F-B802-D28B98617D45}
		{DC038068-BD7D-4366-B2B2-84BE6AECE586} = {76D0E5CB-4AA6-413F-B802-D28B98617D45}
		{4C8812C2-6D4E-42C6-AE85-9530DF8D1F89} = {76D0E5CB-4AA6-413F-B802-D28B98617D45}
		{6C204BCA-E777-4045-B8B6-0B8C3A08D865} = {76D0E5CB-4AA6-413F-B802-D28B98617D45}
		{64987A2B-7934-4FB4-8F6C-4CC0F5992DBD} = {0179B83D-AE99-4003-BD94-BE71318B7016}
		{04BB581A-AABD-42C6-AE43-3E3378DD411A} = {0179B83D-AE99-4003-BD94-BE71318B7016}
		{70F88F81-364B-421A-889E-5C6EC954D792} = {0179B83D-AE99-4003-BD94-BE71318B7016}
		{9583ADF6-552C-44AA-BA2D-8AAE63698BDD} = {0179B83D-AE99-4003-BD94-BE71318B7016}
		{9C3AD2B7-CBED-42FE-AFD4-77D7E3CD36C3} = {6C51E42A-4EEB-4D2C-B646-58E5B7C7773C}
		{D32F14A3-1996-4495-B19F-A55054382C7B} = {76D0E5CB-4AA6-413F-B802-D28B98617D45}
	EndGlobalSection
	GlobalSection(ExtensibilityGlobals) = postSolution
		SolutionGuid = {9734BF21-657B-4722-A271-ECC031083DE3}
	EndGlobalSection
EndGlobal
